// !$*UTF8*$!
{
	archiveVersion = 1;
	classes = {
	};
	objectVersion = 46;
	objects = {

/* Begin PBXBuildFile section */
		1DDD582C0DA1D0D100B32029 /* FVWindow.xib in Resources */ = {isa = PBXBuildFile; fileRef = 1DDD58280DA1D0D100B32029 /* FVWindow.xib */; };
		1DDD582D0DA1D0D100B32029 /* MainMenu.xib in Resources */ = {isa = PBXBuildFile; fileRef = 1DDD582A0DA1D0D100B32029 /* MainMenu.xib */; };
		555CA9E61AE89B29004F7406 /* StringListView.xib in Resources */ = {isa = PBXBuildFile; fileRef = 555CA9E51AE89B29004F7406 /* StringListView.xib */; };
		555CA9EC1AE89F78004F7406 /* StringListTemplate.swift in Sources */ = {isa = PBXBuildFile; fileRef = 555CA9EB1AE89F78004F7406 /* StringListTemplate.swift */; };
		55E11DC31AE70C3B00815555 /* FVPNGTemplate.swift in Sources */ = {isa = PBXBuildFile; fileRef = 55E11DC21AE70C3B00815555 /* FVPNGTemplate.swift */; };
		55E11E031AE7122500815555 /* SwiftAdditions.framework in Frameworks */ = {isa = PBXBuildFile; fileRef = 55E11DCF1AE7108400815555 /* SwiftAdditions.framework */; };
		55E11E041AE7122500815555 /* SwiftAdditions.framework in Embed Frameworks */ = {isa = PBXBuildFile; fileRef = 55E11DCF1AE7108400815555 /* SwiftAdditions.framework */; settings = {ATTRIBUTES = (CodeSignOnCopy, RemoveHeadersOnCopy, ); }; };
		55E11E241AE723C300815555 /* AttributesFormatter.swift in Sources */ = {isa = PBXBuildFile; fileRef = 55E11E231AE723C300815555 /* AttributesFormatter.swift */; };
		8D15AC320486D014006FF6A4 /* main.m in Sources */ = {isa = PBXBuildFile; fileRef = 2A37F4B0FDCFA73011CA2CEA /* main.m */; settings = {ATTRIBUTES = (); }; };
		8D15AC340486D014006FF6A4 /* Cocoa.framework in Frameworks */ = {isa = PBXBuildFile; fileRef = 1058C7A7FEA54F5311CA2CBB /* Cocoa.framework */; };
		A52DFD1F13C9697B001F6DD6 /* FVFork.m in Sources */ = {isa = PBXBuildFile; fileRef = A52DFD1E13C9697B001F6DD6 /* FVFork.m */; };
		A54A9B28138DDCB6004F8BB9 /* FVResourceFile.m in Sources */ = {isa = PBXBuildFile; fileRef = A54A9B27138DDCB6004F8BB9 /* FVResourceFile.m */; };
		A5530FAB13FAD0D0003C2275 /* FVWindowController.m in Sources */ = {isa = PBXBuildFile; fileRef = A5530FAA13FAD0D0003C2275 /* FVWindowController.m */; };
		A5A0779E198E9B6A00AAFF2F /* FVResourceType.swift in Sources */ = {isa = PBXBuildFile; fileRef = A5A0779D198E9B6A00AAFF2F /* FVResourceType.swift */; };
		A5A077A1198EA0C000AAFF2F /* FVResource.swift in Sources */ = {isa = PBXBuildFile; fileRef = A5A077A0198EA0C000AAFF2F /* FVResource.swift */; };
		A5A077A4198EA5DC00AAFF2F /* FVDocument.swift in Sources */ = {isa = PBXBuildFile; fileRef = A5A077A2198EA38B00AAFF2F /* FVDocument.swift */; };
		A5A077A8198EDF0600AAFF2F /* FVLine.swift in Sources */ = {isa = PBXBuildFile; fileRef = A5A077A7198EDF0600AAFF2F /* FVLine.swift */; };
		A5F4222B13CEA8FD00C882B8 /* FVTableView.m in Sources */ = {isa = PBXBuildFile; fileRef = A5F4222A13CEA8FD00C882B8 /* FVTableView.m */; };
/* End PBXBuildFile section */

/* Begin PBXContainerItemProxy section */
		55E11DCE1AE7108400815555 /* PBXContainerItemProxy */ = {
			isa = PBXContainerItemProxy;
			containerPortal = 55E11DC51AE7108400815555 /* SwiftAdditions.xcodeproj */;
			proxyType = 2;
			remoteGlobalIDString = 550FBABE19A7ADC500EFBD3D;
			remoteInfo = SwiftAdditions;
		};
		55E11DD01AE7108400815555 /* PBXContainerItemProxy */ = {
			isa = PBXContainerItemProxy;
			containerPortal = 55E11DC51AE7108400815555 /* SwiftAdditions.xcodeproj */;
			proxyType = 2;
			remoteGlobalIDString = 550FBAC919A7ADC500EFBD3D;
			remoteInfo = SwiftAdditionsTests;
		};
		55E11DD21AE7108400815555 /* PBXContainerItemProxy */ = {
			isa = PBXContainerItemProxy;
			containerPortal = 55E11DC51AE7108400815555 /* SwiftAdditions.xcodeproj */;
			proxyType = 2;
			remoteGlobalIDString = 55706D8F1A1EC2440000FD93;
			remoteInfo = SwiftIOKitAdditions;
		};
		55E11DD41AE7108400815555 /* PBXContainerItemProxy */ = {
			isa = PBXContainerItemProxy;
			containerPortal = 55E11DC51AE7108400815555 /* SwiftAdditions.xcodeproj */;
			proxyType = 2;
			remoteGlobalIDString = 55706D991A1EC2440000FD93;
			remoteInfo = SwiftIOKitAdditionsTests;
		};
		55E11DD61AE7108400815555 /* PBXContainerItemProxy */ = {
			isa = PBXContainerItemProxy;
			containerPortal = 55E11DC51AE7108400815555 /* SwiftAdditions.xcodeproj */;
			proxyType = 2;
			remoteGlobalIDString = 55403A011A745003007A488E;
			remoteInfo = ForceFeedbackAdditions;
		};
		55E11DD81AE7108400815555 /* PBXContainerItemProxy */ = {
			isa = PBXContainerItemProxy;
			containerPortal = 55E11DC51AE7108400815555 /* SwiftAdditions.xcodeproj */;
			proxyType = 2;
			remoteGlobalIDString = 55403A0B1A745003007A488E;
			remoteInfo = ForceFeedbackAdditionsTests;
		};
		55E11DDA1AE7111900815555 /* PBXContainerItemProxy */ = {
			isa = PBXContainerItemProxy;
			containerPortal = 55E11DC51AE7108400815555 /* SwiftAdditions.xcodeproj */;
			proxyType = 1;
			remoteGlobalIDString = 550FBABD19A7ADC500EFBD3D;
			remoteInfo = SwiftAdditions;
		};
		55E11DFF1AE7122500815555 /* PBXContainerItemProxy */ = {
			isa = PBXContainerItemProxy;
			containerPortal = 55E11DC51AE7108400815555 /* SwiftAdditions.xcodeproj */;
			proxyType = 2;
			remoteGlobalIDString = 55E11DE11AE7114000815555;
			remoteInfo = SwiftAudioAdditions;
		};
		55E11E011AE7122500815555 /* PBXContainerItemProxy */ = {
			isa = PBXContainerItemProxy;
			containerPortal = 55E11DC51AE7108400815555 /* SwiftAdditions.xcodeproj */;
			proxyType = 2;
			remoteGlobalIDString = 55E11DEB1AE7114000815555;
			remoteInfo = SwiftAudioAdditionsTests;
		};
		55E11E051AE7122500815555 /* PBXContainerItemProxy */ = {
			isa = PBXContainerItemProxy;
			containerPortal = 55E11DC51AE7108400815555 /* SwiftAdditions.xcodeproj */;
			proxyType = 1;
			remoteGlobalIDString = 550FBABD19A7ADC500EFBD3D;
			remoteInfo = SwiftAdditions;
		};
/* End PBXContainerItemProxy section */

/* Begin PBXCopyFilesBuildPhase section */
		55E11E071AE7122500815555 /* Embed Frameworks */ = {
			isa = PBXCopyFilesBuildPhase;
			buildActionMask = 2147483647;
			dstPath = "";
			dstSubfolderSpec = 10;
			files = (
				55E11E041AE7122500815555 /* SwiftAdditions.framework in Embed Frameworks */,
			);
			name = "Embed Frameworks";
			runOnlyForDeploymentPostprocessing = 0;
		};
/* End PBXCopyFilesBuildPhase section */

/* Begin PBXFileReference section */
		1058C7A7FEA54F5311CA2CBB /* Cocoa.framework */ = {isa = PBXFileReference; lastKnownFileType = wrapper.framework; name = Cocoa.framework; path = /System/Library/Frameworks/Cocoa.framework; sourceTree = "<absolute>"; };
		1DDD58290DA1D0D100B32029 /* English */ = {isa = PBXFileReference; lastKnownFileType = file.xib; name = English; path = English.lproj/FVWindow.xib; sourceTree = "<group>"; };
		1DDD582B0DA1D0D100B32029 /* English */ = {isa = PBXFileReference; lastKnownFileType = file.xib; name = English; path = English.lproj/MainMenu.xib; sourceTree = "<group>"; };
		2A37F4B0FDCFA73011CA2CEA /* main.m */ = {isa = PBXFileReference; fileEncoding = 4; lastKnownFileType = sourcecode.c.objc; path = main.m; sourceTree = "<group>"; };
		555CA9E51AE89B29004F7406 /* StringListView.xib */ = {isa = PBXFileReference; fileEncoding = 4; lastKnownFileType = file.xib; path = StringListView.xib; sourceTree = "<group>"; };
		555CA9EB1AE89F78004F7406 /* StringListTemplate.swift */ = {isa = PBXFileReference; fileEncoding = 4; lastKnownFileType = sourcecode.swift; path = StringListTemplate.swift; sourceTree = "<group>"; };
		55E11DC21AE70C3B00815555 /* FVPNGTemplate.swift */ = {isa = PBXFileReference; fileEncoding = 4; lastKnownFileType = sourcecode.swift; path = FVPNGTemplate.swift; sourceTree = "<group>"; };
		55E11DC51AE7108400815555 /* SwiftAdditions.xcodeproj */ = {isa = PBXFileReference; lastKnownFileType = "wrapper.pb-project"; name = SwiftAdditions.xcodeproj; path = SwiftAdditions/SwiftAdditions.xcodeproj; sourceTree = "<group>"; };
		55E11E231AE723C300815555 /* AttributesFormatter.swift */ = {isa = PBXFileReference; fileEncoding = 4; lastKnownFileType = sourcecode.swift; path = AttributesFormatter.swift; sourceTree = "<group>"; };
		8D15AC360486D014006FF6A4 /* ForkView-Info.plist */ = {isa = PBXFileReference; fileEncoding = 4; lastKnownFileType = text.plist.xml; path = "ForkView-Info.plist"; sourceTree = "<group>"; };
		8D15AC370486D014006FF6A4 /* ForkView.app */ = {isa = PBXFileReference; explicitFileType = wrapper.application; includeInIndex = 0; path = ForkView.app; sourceTree = BUILT_PRODUCTS_DIR; };
		A52DFD1D13C9697B001F6DD6 /* FVFork.h */ = {isa = PBXFileReference; fileEncoding = 4; lastKnownFileType = sourcecode.c.h; path = FVFork.h; sourceTree = "<group>"; };
		A52DFD1E13C9697B001F6DD6 /* FVFork.m */ = {isa = PBXFileReference; fileEncoding = 4; lastKnownFileType = sourcecode.c.objc; path = FVFork.m; sourceTree = "<group>"; };
		A54A9B26138DDCB6004F8BB9 /* FVResourceFile.h */ = {isa = PBXFileReference; fileEncoding = 4; lastKnownFileType = sourcecode.c.h; path = FVResourceFile.h; sourceTree = "<group>"; };
		A54A9B27138DDCB6004F8BB9 /* FVResourceFile.m */ = {isa = PBXFileReference; fileEncoding = 4; lastKnownFileType = sourcecode.c.objc; path = FVResourceFile.m; sourceTree = "<group>"; };
		A54AA022138E1F81004F8BB9 /* FVResourceFilePriv.h */ = {isa = PBXFileReference; fileEncoding = 4; lastKnownFileType = sourcecode.c.h; path = FVResourceFilePriv.h; sourceTree = "<group>"; };
		A54AA09F138E22E7004F8BB9 /* FVTemplate.h */ = {isa = PBXFileReference; fileEncoding = 4; lastKnownFileType = sourcecode.c.h; name = FVTemplate.h; path = ../FVTemplate.h; sourceTree = "<group>"; };
		A5530FA913FAD0D0003C2275 /* FVWindowController.h */ = {isa = PBXFileReference; fileEncoding = 4; lastKnownFileType = sourcecode.c.h; path = FVWindowController.h; sourceTree = "<group>"; };
		A5530FAA13FAD0D0003C2275 /* FVWindowController.m */ = {isa = PBXFileReference; fileEncoding = 4; lastKnownFileType = sourcecode.c.objc; path = FVWindowController.m; sourceTree = "<group>"; };
		A5A0779D198E9B6A00AAFF2F /* FVResourceType.swift */ = {isa = PBXFileReference; fileEncoding = 4; lastKnownFileType = sourcecode.swift; path = FVResourceType.swift; sourceTree = "<group>"; };
		A5A0779F198EA05000AAFF2F /* ForkView-Bridging-Header.h */ = {isa = PBXFileReference; lastKnownFileType = sourcecode.c.h; path = "ForkView-Bridging-Header.h"; sourceTree = "<group>"; };
		A5A077A0198EA0C000AAFF2F /* FVResource.swift */ = {isa = PBXFileReference; fileEncoding = 4; lastKnownFileType = sourcecode.swift; path = FVResource.swift; sourceTree = "<group>"; };
		A5A077A2198EA38B00AAFF2F /* FVDocument.swift */ = {isa = PBXFileReference; fileEncoding = 4; lastKnownFileType = sourcecode.swift; path = FVDocument.swift; sourceTree = "<group>"; };
		A5A077A7198EDF0600AAFF2F /* FVLine.swift */ = {isa = PBXFileReference; fileEncoding = 4; lastKnownFileType = sourcecode.swift; path = FVLine.swift; sourceTree = "<group>"; };
		A5F4222913CEA8FD00C882B8 /* FVTableView.h */ = {isa = PBXFileReference; fileEncoding = 4; lastKnownFileType = sourcecode.c.h; path = FVTableView.h; sourceTree = "<group>"; };
		A5F4222A13CEA8FD00C882B8 /* FVTableView.m */ = {isa = PBXFileReference; fileEncoding = 4; lastKnownFileType = sourcecode.c.objc; path = FVTableView.m; sourceTree = "<group>"; };
/* End PBXFileReference section */

/* Begin PBXFrameworksBuildPhase section */
		8D15AC330486D014006FF6A4 /* Frameworks */ = {
			isa = PBXFrameworksBuildPhase;
			buildActionMask = 2147483647;
			files = (
				55E11E031AE7122500815555 /* SwiftAdditions.framework in Frameworks */,
				8D15AC340486D014006FF6A4 /* Cocoa.framework in Frameworks */,
			);
			runOnlyForDeploymentPostprocessing = 0;
		};
/* End PBXFrameworksBuildPhase section */

/* Begin PBXGroup section */
		19C28FB0FE9D524F11CA2CBB /* Products */ = {
			isa = PBXGroup;
			children = (
				8D15AC370486D014006FF6A4 /* ForkView.app */,
			);
			name = Products;
			sourceTree = "<group>";
		};
		2A37F4AAFDCFA73011CA2CEA /* ForkView */ = {
			isa = PBXGroup;
			children = (
				55E11DC41AE70FFD00815555 /* Vendor */,
				2A37F4ABFDCFA73011CA2CEA /* Classes */,
				2A37F4AFFDCFA73011CA2CEA /* Other Sources */,
				2A37F4B8FDCFA73011CA2CEA /* Resources */,
				2A37F4C3FDCFA73011CA2CEA /* Frameworks */,
				19C28FB0FE9D524F11CA2CBB /* Products */,
			);
			name = ForkView;
			sourceTree = "<group>";
		};
		2A37F4ABFDCFA73011CA2CEA /* Classes */ = {
			isa = PBXGroup;
			children = (
				A54A9F01138E0E6A004F8BB9 /* UI */,
				A54A9F02138E0E77004F8BB9 /* Library */,
			);
			name = Classes;
			sourceTree = "<group>";
		};
		2A37F4AFFDCFA73011CA2CEA /* Other Sources */ = {
			isa = PBXGroup;
			children = (
				A5A0779F198EA05000AAFF2F /* ForkView-Bridging-Header.h */,
				2A37F4B0FDCFA73011CA2CEA /* main.m */,
			);
			name = "Other Sources";
			sourceTree = "<group>";
		};
		2A37F4B8FDCFA73011CA2CEA /* Resources */ = {
			isa = PBXGroup;
			children = (
				8D15AC360486D014006FF6A4 /* ForkView-Info.plist */,
				1DDD58280DA1D0D100B32029 /* FVWindow.xib */,
				1DDD582A0DA1D0D100B32029 /* MainMenu.xib */,
				555CA9E51AE89B29004F7406 /* StringListView.xib */,
			);
			name = Resources;
			sourceTree = "<group>";
		};
		2A37F4C3FDCFA73011CA2CEA /* Frameworks */ = {
			isa = PBXGroup;
			children = (
				1058C7A7FEA54F5311CA2CBB /* Cocoa.framework */,
			);
			name = Frameworks;
			sourceTree = "<group>";
		};
		55E11DC41AE70FFD00815555 /* Vendor */ = {
			isa = PBXGroup;
			children = (
				55E11DC51AE7108400815555 /* SwiftAdditions.xcodeproj */,
			);
			path = Vendor;
			sourceTree = "<group>";
		};
		55E11DC61AE7108400815555 /* Products */ = {
			isa = PBXGroup;
			children = (
				55E11DCF1AE7108400815555 /* SwiftAdditions.framework */,
				55E11DD11AE7108400815555 /* SwiftAdditionsTests.xctest */,
				55E11DD31AE7108400815555 /* SwiftIOKitAdditions.framework */,
				55E11DD51AE7108400815555 /* SwiftIOKitAdditionsTests.xctest */,
				55E11DD71AE7108400815555 /* ForceFeedbackAdditions.framework */,
				55E11DD91AE7108400815555 /* ForceFeedbackAdditionsTests.xctest */,
				55E11E001AE7122500815555 /* SwiftAudioAdditions.framework */,
				55E11E021AE7122500815555 /* SwiftAudioAdditionsTests.xctest */,
			);
			name = Products;
			sourceTree = "<group>";
		};
		A54A9F01138E0E6A004F8BB9 /* UI */ = {
			isa = PBXGroup;
			children = (
				A5A077A2198EA38B00AAFF2F /* FVDocument.swift */,
				A5530FA913FAD0D0003C2275 /* FVWindowController.h */,
				A5530FAA13FAD0D0003C2275 /* FVWindowController.m */,
				A5F422C913CEAF5700C882B8 /* Templates */,
				A5A077A7198EDF0600AAFF2F /* FVLine.swift */,
				A5F4222913CEA8FD00C882B8 /* FVTableView.h */,
				A5F4222A13CEA8FD00C882B8 /* FVTableView.m */,
			);
			name = UI;
			sourceTree = "<group>";
		};
		A54A9F02138E0E77004F8BB9 /* Library */ = {
			isa = PBXGroup;
			children = (
				55E11E231AE723C300815555 /* AttributesFormatter.swift */,
				A54A9B26138DDCB6004F8BB9 /* FVResourceFile.h */,
				A54A9B27138DDCB6004F8BB9 /* FVResourceFile.m */,
				A54AA022138E1F81004F8BB9 /* FVResourceFilePriv.h */,
				A52DFD1D13C9697B001F6DD6 /* FVFork.h */,
				A52DFD1E13C9697B001F6DD6 /* FVFork.m */,
				A5A0779D198E9B6A00AAFF2F /* FVResourceType.swift */,
				A5A077A0198EA0C000AAFF2F /* FVResource.swift */,
			);
			path = Library;
			sourceTree = "<group>";
		};
		A5F422C913CEAF5700C882B8 /* Templates */ = {
			isa = PBXGroup;
			children = (
				A54AA09F138E22E7004F8BB9 /* FVTemplate.h */,
				55E11DC21AE70C3B00815555 /* FVPNGTemplate.swift */,
				555CA9EB1AE89F78004F7406 /* StringListTemplate.swift */,
			);
			path = Templates;
			sourceTree = "<group>";
		};
/* End PBXGroup section */

/* Begin PBXNativeTarget section */
		8D15AC270486D014006FF6A4 /* ForkView */ = {
			isa = PBXNativeTarget;
			buildConfigurationList = C05733C708A9546B00998B17 /* Build configuration list for PBXNativeTarget "ForkView" */;
			buildPhases = (
				8D15AC2B0486D014006FF6A4 /* Resources */,
				8D15AC300486D014006FF6A4 /* Sources */,
				8D15AC330486D014006FF6A4 /* Frameworks */,
				55E11E071AE7122500815555 /* Embed Frameworks */,
			);
			buildRules = (
			);
			dependencies = (
				55E11DDB1AE7111900815555 /* PBXTargetDependency */,
				55E11E061AE7122500815555 /* PBXTargetDependency */,
			);
			name = ForkView;
			productInstallPath = "$(HOME)/Applications";
			productName = ForkView;
			productReference = 8D15AC370486D014006FF6A4 /* ForkView.app */;
			productType = "com.apple.product-type.application";
		};
/* End PBXNativeTarget section */

/* Begin PBXProject section */
		2A37F4A9FDCFA73011CA2CEA /* Project object */ = {
			isa = PBXProject;
			attributes = {
				LastUpgradeCheck = 0630;
				ORGANIZATIONNAME = "Kevin Wojniak";
			};
			buildConfigurationList = C05733CB08A9546B00998B17 /* Build configuration list for PBXProject "ForkView" */;
			compatibilityVersion = "Xcode 3.2";
			developmentRegion = English;
			hasScannedForEncodings = 1;
			knownRegions = (
				English,
				Japanese,
				French,
				German,
			);
			mainGroup = 2A37F4AAFDCFA73011CA2CEA /* ForkView */;
			projectDirPath = "";
			projectReferences = (
				{
					ProductGroup = 55E11DC61AE7108400815555 /* Products */;
					ProjectRef = 55E11DC51AE7108400815555 /* SwiftAdditions.xcodeproj */;
				},
			);
			projectRoot = "";
			targets = (
				8D15AC270486D014006FF6A4 /* ForkView */,
			);
		};
/* End PBXProject section */

/* Begin PBXReferenceProxy section */
		55E11DCF1AE7108400815555 /* SwiftAdditions.framework */ = {
			isa = PBXReferenceProxy;
			fileType = wrapper.framework;
			path = SwiftAdditions.framework;
			remoteRef = 55E11DCE1AE7108400815555 /* PBXContainerItemProxy */;
			sourceTree = BUILT_PRODUCTS_DIR;
		};
		55E11DD11AE7108400815555 /* SwiftAdditionsTests.xctest */ = {
			isa = PBXReferenceProxy;
			fileType = wrapper.cfbundle;
			path = SwiftAdditionsTests.xctest;
			remoteRef = 55E11DD01AE7108400815555 /* PBXContainerItemProxy */;
			sourceTree = BUILT_PRODUCTS_DIR;
		};
		55E11DD31AE7108400815555 /* SwiftIOKitAdditions.framework */ = {
			isa = PBXReferenceProxy;
			fileType = wrapper.framework;
			path = SwiftIOKitAdditions.framework;
			remoteRef = 55E11DD21AE7108400815555 /* PBXContainerItemProxy */;
			sourceTree = BUILT_PRODUCTS_DIR;
		};
		55E11DD51AE7108400815555 /* SwiftIOKitAdditionsTests.xctest */ = {
			isa = PBXReferenceProxy;
			fileType = wrapper.cfbundle;
			path = SwiftIOKitAdditionsTests.xctest;
			remoteRef = 55E11DD41AE7108400815555 /* PBXContainerItemProxy */;
			sourceTree = BUILT_PRODUCTS_DIR;
		};
		55E11DD71AE7108400815555 /* ForceFeedbackAdditions.framework */ = {
			isa = PBXReferenceProxy;
			fileType = wrapper.framework;
			path = ForceFeedbackAdditions.framework;
			remoteRef = 55E11DD61AE7108400815555 /* PBXContainerItemProxy */;
			sourceTree = BUILT_PRODUCTS_DIR;
		};
		55E11DD91AE7108400815555 /* ForceFeedbackAdditionsTests.xctest */ = {
			isa = PBXReferenceProxy;
			fileType = wrapper.cfbundle;
			path = ForceFeedbackAdditionsTests.xctest;
			remoteRef = 55E11DD81AE7108400815555 /* PBXContainerItemProxy */;
			sourceTree = BUILT_PRODUCTS_DIR;
		};
		55E11E001AE7122500815555 /* SwiftAudioAdditions.framework */ = {
			isa = PBXReferenceProxy;
			fileType = wrapper.framework;
			path = SwiftAudioAdditions.framework;
			remoteRef = 55E11DFF1AE7122500815555 /* PBXContainerItemProxy */;
			sourceTree = BUILT_PRODUCTS_DIR;
		};
		55E11E021AE7122500815555 /* SwiftAudioAdditionsTests.xctest */ = {
			isa = PBXReferenceProxy;
			fileType = wrapper.cfbundle;
			path = SwiftAudioAdditionsTests.xctest;
			remoteRef = 55E11E011AE7122500815555 /* PBXContainerItemProxy */;
			sourceTree = BUILT_PRODUCTS_DIR;
		};
/* End PBXReferenceProxy section */

/* Begin PBXResourcesBuildPhase section */
		8D15AC2B0486D014006FF6A4 /* Resources */ = {
			isa = PBXResourcesBuildPhase;
			buildActionMask = 2147483647;
			files = (
				1DDD582C0DA1D0D100B32029 /* FVWindow.xib in Resources */,
				1DDD582D0DA1D0D100B32029 /* MainMenu.xib in Resources */,
				555CA9E61AE89B29004F7406 /* StringListView.xib in Resources */,
			);
			runOnlyForDeploymentPostprocessing = 0;
		};
/* End PBXResourcesBuildPhase section */

/* Begin PBXSourcesBuildPhase section */
		8D15AC300486D014006FF6A4 /* Sources */ = {
			isa = PBXSourcesBuildPhase;
			buildActionMask = 2147483647;
			files = (
				8D15AC320486D014006FF6A4 /* main.m in Sources */,
				A54A9B28138DDCB6004F8BB9 /* FVResourceFile.m in Sources */,
				55E11E241AE723C300815555 /* AttributesFormatter.swift in Sources */,
				A52DFD1F13C9697B001F6DD6 /* FVFork.m in Sources */,
				A5F4222B13CEA8FD00C882B8 /* FVTableView.m in Sources */,
				A5A0779E198E9B6A00AAFF2F /* FVResourceType.swift in Sources */,
				A5A077A1198EA0C000AAFF2F /* FVResource.swift in Sources */,
				A5A077A8198EDF0600AAFF2F /* FVLine.swift in Sources */,
				55E11DC31AE70C3B00815555 /* FVPNGTemplate.swift in Sources */,
				A5A077A4198EA5DC00AAFF2F /* FVDocument.swift in Sources */,
				555CA9EC1AE89F78004F7406 /* StringListTemplate.swift in Sources */,
				A5530FAB13FAD0D0003C2275 /* FVWindowController.m in Sources */,
			);
			runOnlyForDeploymentPostprocessing = 0;
		};
/* End PBXSourcesBuildPhase section */

/* Begin PBXTargetDependency section */
		55E11DDB1AE7111900815555 /* PBXTargetDependency */ = {
			isa = PBXTargetDependency;
			name = SwiftAdditions;
			targetProxy = 55E11DDA1AE7111900815555 /* PBXContainerItemProxy */;
		};
		55E11E061AE7122500815555 /* PBXTargetDependency */ = {
			isa = PBXTargetDependency;
			name = SwiftAdditions;
			targetProxy = 55E11E051AE7122500815555 /* PBXContainerItemProxy */;
		};
/* End PBXTargetDependency section */

/* Begin PBXVariantGroup section */
		1DDD58280DA1D0D100B32029 /* FVWindow.xib */ = {
			isa = PBXVariantGroup;
			children = (
				1DDD58290DA1D0D100B32029 /* English */,
			);
			name = FVWindow.xib;
			sourceTree = "<group>";
		};
		1DDD582A0DA1D0D100B32029 /* MainMenu.xib */ = {
			isa = PBXVariantGroup;
			children = (
				1DDD582B0DA1D0D100B32029 /* English */,
			);
			name = MainMenu.xib;
			sourceTree = "<group>";
		};
/* End PBXVariantGroup section */

/* Begin XCBuildConfiguration section */
		C05733C808A9546B00998B17 /* Debug */ = {
			isa = XCBuildConfiguration;
			buildSettings = {
				ALWAYS_SEARCH_USER_PATHS = NO;
				CLANG_ENABLE_MODULES = YES;
				COMBINE_HIDPI_IMAGES = YES;
				COPY_PHASE_STRIP = NO;
				GCC_DYNAMIC_NO_PIC = NO;
				GCC_ENABLE_FIX_AND_CONTINUE = YES;
				GCC_OPTIMIZATION_LEVEL = 0;
				INFOPLIST_FILE = "ForkView-Info.plist";
				LD_RUNPATH_SEARCH_PATHS = "$(inherited) @executable_path/../Frameworks";
				PRODUCT_NAME = ForkView;
				SWIFT_OBJC_BRIDGING_HEADER = "ForkView-Bridging-Header.h";
				SWIFT_OPTIMIZATION_LEVEL = "-Onone";
			};
			name = Debug;
		};
		C05733C908A9546B00998B17 /* Release */ = {
			isa = XCBuildConfiguration;
			buildSettings = {
				ALWAYS_SEARCH_USER_PATHS = NO;
				CLANG_ENABLE_MODULES = YES;
				COMBINE_HIDPI_IMAGES = YES;
				DEBUG_INFORMATION_FORMAT = "dwarf-with-dsym";
				INFOPLIST_FILE = "ForkView-Info.plist";
				LD_RUNPATH_SEARCH_PATHS = "$(inherited) @executable_path/../Frameworks";
				PRODUCT_NAME = ForkView;
				SWIFT_OBJC_BRIDGING_HEADER = "ForkView-Bridging-Header.h";
			};
			name = Release;
		};
		C05733CC08A9546B00998B17 /* Debug */ = {
			isa = XCBuildConfiguration;
			buildSettings = {
				CLANG_ENABLE_OBJC_ARC = YES;
				CLANG_WARN_BOOL_CONVERSION = YES;
				CLANG_WARN_CONSTANT_CONVERSION = YES;
				CLANG_WARN_EMPTY_BODY = YES;
				CLANG_WARN_ENUM_CONVERSION = YES;
				CLANG_WARN_INT_CONVERSION = YES;
				CLANG_WARN_UNREACHABLE_CODE = YES;
				CLANG_WARN__DUPLICATE_METHOD_MATCH = YES;
				ENABLE_STRICT_OBJC_MSGSEND = YES;
				GCC_C_LANGUAGE_STANDARD = gnu99;
				GCC_NO_COMMON_BLOCKS = YES;
				GCC_OPTIMIZATION_LEVEL = 0;
				GCC_TREAT_WARNINGS_AS_ERRORS = YES;
				GCC_VERSION = com.apple.compilers.llvm.clang.1_0;
				GCC_WARN_64_TO_32_BIT_CONVERSION = YES;
				GCC_WARN_ABOUT_RETURN_TYPE = YES;
				GCC_WARN_UNDECLARED_SELECTOR = YES;
				GCC_WARN_UNINITIALIZED_AUTOS = YES;
				GCC_WARN_UNUSED_FUNCTION = YES;
				GCC_WARN_UNUSED_VARIABLE = YES;
				MACOSX_DEPLOYMENT_TARGET = 10.9;
				ONLY_ACTIVE_ARCH = YES;
				SDKROOT = macosx;
				WARNING_CFLAGS = "-Wall";
			};
			name = Debug;
		};
		C05733CD08A9546B00998B17 /* Release */ = {
			isa = XCBuildConfiguration;
			buildSettings = {
				CLANG_ENABLE_OBJC_ARC = YES;
				CLANG_WARN_BOOL_CONVERSION = YES;
				CLANG_WARN_CONSTANT_CONVERSION = YES;
				CLANG_WARN_EMPTY_BODY = YES;
				CLANG_WARN_ENUM_CONVERSION = YES;
				CLANG_WARN_INT_CONVERSION = YES;
				CLANG_WARN_UNREACHABLE_CODE = YES;
				CLANG_WARN__DUPLICATE_METHOD_MATCH = YES;
				ENABLE_STRICT_OBJC_MSGSEND = YES;
				GCC_C_LANGUAGE_STANDARD = gnu99;
				GCC_NO_COMMON_BLOCKS = YES;
				GCC_TREAT_WARNINGS_AS_ERRORS = YES;
				GCC_VERSION = com.apple.compilers.llvm.clang.1_0;
				GCC_WARN_64_TO_32_BIT_CONVERSION = YES;
				GCC_WARN_ABOUT_RETURN_TYPE = YES;
				GCC_WARN_UNDECLARED_SELECTOR = YES;
				GCC_WARN_UNINITIALIZED_AUTOS = YES;
				GCC_WARN_UNUSED_FUNCTION = YES;
				GCC_WARN_UNUSED_VARIABLE = YES;
				MACOSX_DEPLOYMENT_TARGET = 10.9;
				SDKROOT = macosx;
				WARNING_CFLAGS = "-Wall";
			};
			name = Release;
		};
/* End XCBuildConfiguration section */

/* Begin XCConfigurationList section */
		C05733C708A9546B00998B17 /* Build configuration list for PBXNativeTarget "ForkView" */ = {
			isa = XCConfigurationList;
			buildConfigurations = (
				C05733C808A9546B00998B17 /* Debug */,
				C05733C908A9546B00998B17 /* Release */,
			);
			defaultConfigurationIsVisible = 0;
			defaultConfigurationName = Release;
		};
		C05733CB08A9546B00998B17 /* Build configuration list for PBXProject "ForkView" */ = {
			isa = XCConfigurationList;
			buildConfigurations = (
				C05733CC08A9546B00998B17 /* Debug */,
				C05733CD08A9546B00998B17 /* Release */,
			);
			defaultConfigurationIsVisible = 0;
			defaultConfigurationName = Release;
		};
/* End XCConfigurationList section */
	};
	rootObject = 2A37F4A9FDCFA73011CA2CEA /* Project object */;
}
